
Microsoft Visual Studio Solution File, Format Version 12.00
# Visual Studio Version 16
VisualStudioVersion = 16.0.31321.278
MinimumVisualStudioVersion = 10.0.40219.1
Project("{FAE04EC0-301F-11D3-BF4B-00C04F79EFBC}") = "ProjetoTeste", "ProjetoTeste\ProjetoTeste.csproj", "{5C06398D-669B-481E-AF6F-D6F8021DB442}"
EndProject
Global
	GlobalSection(SolutionConfigurationPlatforms) = preSolution
		Debug|Any CPU = Debug|Any CPU
		Release|Any CPU = Release|Any CPU
	EndGlobalSection
	GlobalSection(ProjectConfigurationPlatforms) = postSolution
		{5C06398D-669B-481E-AF6F-D6F8021DB442}.Debug|Any CPU.ActiveCfg = Debug|Any CPU
		{5C06398D-669B-481E-AF6F-D6F8021DB442}.Debug|Any CPU.Build.0 = Debug|Any CPU
		{5C06398D-669B-481E-AF6F-D6F8021DB442}.Release|Any CPU.ActiveCfg = Release|Any CPU
		{5C06398D-669B-481E-AF6F-D6F8021DB442}.Release|Any CPU.Build.0 = Release|Any CPU
	EndGlobalSection
	GlobalSection(SolutionProperties) = preSolution
		HideSolutionNode = FALSE
	EndGlobalSection
	GlobalSection(ExtensibilityGlobals) = postSolution
		SolutionGuid = {9C3B2FE3-D9F3-4CBF-B526-B39BBD964F4F}
	EndGlobalSection
EndGlobal
